
Microsoft Visual Studio Solution File, Format Version 12.00
# Visual Studio 15
VisualStudioVersion = 15.0.28307.902
MinimumVisualStudioVersion = 10.0.40219.1
Project("{9A19103F-16F7-4668-BE54-9A1E7A4F7556}") = "ScaffoldDbContext", "ScaffoldDbContext\ScaffoldDbContext.csproj", "{29570950-8664-4329-B1D7-D94F2BA09869}"
EndProject
Project("{FAE04EC0-301F-11D3-BF4B-00C04F79EFBC}") = "MsSqlService", "MsSqlService\MsSqlService.csproj", "{4BAD278D-A07D-48E2-B189-74A4D8451AC0}"
EndProject
Project("{FAE04EC0-301F-11D3-BF4B-00C04F79EFBC}") = "PostgreSqlService", "PostgreSqlService\PostgreSqlService.csproj", "{822ABDC6-7E69-4D6E-98E2-7470A9051D48}"
EndProject
Global
	GlobalSection(SolutionConfigurationPlatforms) = preSolution
		Debug|Any CPU = Debug|Any CPU
		Release|Any CPU = Release|Any CPU
	EndGlobalSection
	GlobalSection(ProjectConfigurationPlatforms) = postSolution
		{29570950-8664-4329-B1D7-D94F2BA09869}.Debug|Any CPU.ActiveCfg = Debug|Any CPU
		{29570950-8664-4329-B1D7-D94F2BA09869}.Debug|Any CPU.Build.0 = Debug|Any CPU
		{29570950-8664-4329-B1D7-D94F2BA09869}.Release|Any CPU.ActiveCfg = Release|Any CPU
		{29570950-8664-4329-B1D7-D94F2BA09869}.Release|Any CPU.Build.0 = Release|Any CPU
		{4BAD278D-A07D-48E2-B189-74A4D8451AC0}.Debug|Any CPU.ActiveCfg = Debug|Any CPU
		{4BAD278D-A07D-48E2-B189-74A4D8451AC0}.Debug|Any CPU.Build.0 = Debug|Any CPU
		{4BAD278D-A07D-48E2-B189-74A4D8451AC0}.Release|Any CPU.ActiveCfg = Release|Any CPU
		{4BAD278D-A07D-48E2-B189-74A4D8451AC0}.Release|Any CPU.Build.0 = Release|Any CPU
		{822ABDC6-7E69-4D6E-98E2-7470A9051D48}.Debug|Any CPU.ActiveCfg = Debug|Any CPU
		{822ABDC6-7E69-4D6E-98E2-7470A9051D48}.Debug|Any CPU.Build.0 = Debug|Any CPU
		{822ABDC6-7E69-4D6E-98E2-7470A9051D48}.Release|Any CPU.ActiveCfg = Release|Any CPU
		{822ABDC6-7E69-4D6E-98E2-7470A9051D48}.Release|Any CPU.Build.0 = Release|Any CPU
	EndGlobalSection
	GlobalSection(SolutionProperties) = preSolution
		HideSolutionNode = FALSE
	EndGlobalSection
	GlobalSection(ExtensibilityGlobals) = postSolution
		SolutionGuid = {48BB8BF4-31C7-4293-94DC-547AE181CBE7}
	EndGlobalSection
EndGlobal
